
Microsoft Visual Studio Solution File, Format Version 12.00
# Visual Studio Version 17
VisualStudioVersion = 17.5.002.0
MinimumVisualStudioVersion = 10.0.40219.1
Project("{2150E333-8FDC-42A3-9474-1A3956D46DE8}") = "csharp-prep", "csharp-prep", "{0FB55AF5-0E8D-47DD-A1FA-C08242356A05}"
EndProject
Project("{9A19103F-16F7-4668-BE54-9A1E7A4F7556}") = "Prep1", "csharp-prep\Prep1\Prep1.csproj", "{D7A5A984-DC70-4F59-84DF-2AF213BCFF9F}"
EndProject
Project("{9A19103F-16F7-4668-BE54-9A1E7A4F7556}") = "Prep2", "csharp-prep\Prep2\Prep2.csproj", "{78F6278A-380A-447A-BA8C-C884BFCC4D8A}"
EndProject
Project("{9A19103F-16F7-4668-BE54-9A1E7A4F7556}") = "Prep3", "csharp-prep\Prep3\Prep3.csproj", "{76BC9E2E-4338-4C13-A356-565C5BB476DF}"
EndProject
Project("{9A19103F-16F7-4668-BE54-9A1E7A4F7556}") = "Prep4", "csharp-prep\Prep4\Prep4.csproj", "{8473EB72-CC55-4BB7-B53F-B41CD782524C}"
EndProject
Project("{9A19103F-16F7-4668-BE54-9A1E7A4F7556}") = "Prep5", "csharp-prep\Prep5\Prep5.csproj", "{1B70A892-7542-474E-A645-AA35CB7D5E2E}"
EndProject
Project("{2150E333-8FDC-42A3-9474-1A3956D46DE8}") = "final", "final", "{2A62AAEA-02CB-42E4-A190-3D3206E47047}"
EndProject
Project("{9A19103F-16F7-4668-BE54-9A1E7A4F7556}") = "FinalProject", "final\FinalProject\FinalProject.csproj", "{A3E61B5F-9920-4233-831B-211CE20EB79C}"
EndProject
Project("{9A19103F-16F7-4668-BE54-9A1E7A4F7556}") = "Foundation1", "final\Foundation1\Foundation1.csproj", "{A5881B4F-C16B-4108-A914-892078E61FA1}"
EndProject
Project("{9A19103F-16F7-4668-BE54-9A1E7A4F7556}") = "Foundation2", "final\Foundation2\Foundation2.csproj", "{DA7A5FC4-5A51-446D-A78C-B185BF4BB90A}"
EndProject
Project("{9A19103F-16F7-4668-BE54-9A1E7A4F7556}") = "Foundation3", "final\Foundation3\Foundation3.csproj", "{3FFC82CE-09C2-4FE6-BE2D-29679CA30D66}"
EndProject
Project("{9A19103F-16F7-4668-BE54-9A1E7A4F7556}") = "Foundation4", "final\Foundation4\Foundation4.csproj", "{52ED17CC-B4D7-4ADC-8BF0-E1E98DA28DC5}"
EndProject
Project("{2150E333-8FDC-42A3-9474-1A3956D46DE8}") = "prepare", "prepare", "{218A44C2-F27E-4064-8C57-6525DAE78848}"
EndProject
Project("{9A19103F-16F7-4668-BE54-9A1E7A4F7556}") = "Learning02", "prepare\Learning02\Learning02.csproj", "{E561BD3E-FB39-4258-87D7-AE1CDA870141}"
EndProject
Project("{9A19103F-16F7-4668-BE54-9A1E7A4F7556}") = "Learning03", "prepare\Learning03\Learning03.csproj", "{9058EB19-D255-42C1-BE08-0B8BB0854EA5}"
EndProject
Project("{9A19103F-16F7-4668-BE54-9A1E7A4F7556}") = "Learning04", "prepare\Learning04\Learning04.csproj", "{5B93272B-B83D-4E05-A737-7E04A49D5AF1}"
EndProject
Project("{9A19103F-16F7-4668-BE54-9A1E7A4F7556}") = "Learning05", "prepare\Learning05\Learning05.csproj", "{EF6EFB21-9AF6-4895-83FA-530C05C2E801}"
EndProject
Project("{2150E333-8FDC-42A3-9474-1A3956D46DE8}") = "prove", "prove", "{2A061C23-4B74-4CA6-9382-22B958BF33FD}"
EndProject
Project("{9A19103F-16F7-4668-BE54-9A1E7A4F7556}") = "Develop02", "prove\Develop02\Develop02.csproj", "{A65887B2-2614-466F-B60B-E2B73A523F29}"
EndProject
Project("{9A19103F-16F7-4668-BE54-9A1E7A4F7556}") = "Develop03", "prove\Develop03\Develop03.csproj", "{1D14DAD3-57A7-4C96-ACB6-33B38E4FC6EF}"
EndProject
Project("{9A19103F-16F7-4668-BE54-9A1E7A4F7556}") = "Develop04", "prove\Develop04\Develop04.csproj", "{775D77BA-6A7A-4A7D-8100-AF863F4AEE07}"
EndProject
Project("{9A19103F-16F7-4668-BE54-9A1E7A4F7556}") = "Develop05", "prove\Develop05\Develop05.csproj", "{67BE758E-03E7-4A0C-9AD4-296219C4843D}"
EndProject
Project("{2150E333-8FDC-42A3-9474-1A3956D46DE8}") = "sandbox", "sandbox", "{86BED0D3-E45B-4886-B044-5354EAAB9FCC}"
EndProject
Project("{9A19103F-16F7-4668-BE54-9A1E7A4F7556}") = "Sandbox", "sandbox\Sandbox\Sandbox.csproj", "{17B1935E-FAB2-40C6-95C1-05E365F942B9}"
EndProject
Global
	GlobalSection(SolutionConfigurationPlatforms) = preSolution
		Debug|Any CPU = Debug|Any CPU
		Release|Any CPU = Release|Any CPU
	EndGlobalSection
	GlobalSection(ProjectConfigurationPlatforms) = postSolution
		{D7A5A984-DC70-4F59-84DF-2AF213BCFF9F}.Debug|Any CPU.ActiveCfg = Debug|Any CPU
		{D7A5A984-DC70-4F59-84DF-2AF213BCFF9F}.Debug|Any CPU.Build.0 = Debug|Any CPU
		{D7A5A984-DC70-4F59-84DF-2AF213BCFF9F}.Release|Any CPU.ActiveCfg = Release|Any CPU
		{D7A5A984-DC70-4F59-84DF-2AF213BCFF9F}.Release|Any CPU.Build.0 = Release|Any CPU
		{78F6278A-380A-447A-BA8C-C884BFCC4D8A}.Debug|Any CPU.ActiveCfg = Debug|Any CPU
		{78F6278A-380A-447A-BA8C-C884BFCC4D8A}.Debug|Any CPU.Build.0 = Debug|Any CPU
		{78F6278A-380A-447A-BA8C-C884BFCC4D8A}.Release|Any CPU.ActiveCfg = Release|Any CPU
		{78F6278A-380A-447A-BA8C-C884BFCC4D8A}.Release|Any CPU.Build.0 = Release|Any CPU
		{76BC9E2E-4338-4C13-A356-565C5BB476DF}.Debug|Any CPU.ActiveCfg = Debug|Any CPU
		{76BC9E2E-4338-4C13-A356-565C5BB476DF}.Debug|Any CPU.Build.0 = Debug|Any CPU
		{76BC9E2E-4338-4C13-A356-565C5BB476DF}.Release|Any CPU.ActiveCfg = Release|Any CPU
		{76BC9E2E-4338-4C13-A356-565C5BB476DF}.Release|Any CPU.Build.0 = Release|Any CPU
		{8473EB72-CC55-4BB7-B53F-B41CD782524C}.Debug|Any CPU.ActiveCfg = Debug|Any CPU
		{8473EB72-CC55-4BB7-B53F-B41CD782524C}.Debug|Any CPU.Build.0 = Debug|Any CPU
		{8473EB72-CC55-4BB7-B53F-B41CD782524C}.Release|Any CPU.ActiveCfg = Release|Any CPU
		{8473EB72-CC55-4BB7-B53F-B41CD782524C}.Release|Any CPU.Build.0 = Release|Any CPU
		{1B70A892-7542-474E-A645-AA35CB7D5E2E}.Debug|Any CPU.ActiveCfg = Debug|Any CPU
		{1B70A892-7542-474E-A645-AA35CB7D5E2E}.Debug|Any CPU.Build.0 = Debug|Any CPU
		{1B70A892-7542-474E-A645-AA35CB7D5E2E}.Release|Any CPU.ActiveCfg = Release|Any CPU
		{1B70A892-7542-474E-A645-AA35CB7D5E2E}.Release|Any CPU.Build.0 = Release|Any CPU
		{A3E61B5F-9920-4233-831B-211CE20EB79C}.Debug|Any CPU.ActiveCfg = Debug|Any CPU
		{A3E61B5F-9920-4233-831B-211CE20EB79C}.Debug|Any CPU.Build.0 = Debug|Any CPU
		{A3E61B5F-9920-4233-831B-211CE20EB79C}.Release|Any CPU.ActiveCfg = Release|Any CPU
		{A3E61B5F-9920-4233-831B-211CE20EB79C}.Release|Any CPU.Build.0 = Release|Any CPU
		{A5881B4F-C16B-4108-A914-892078E61FA1}.Debug|Any CPU.ActiveCfg = Debug|Any CPU
		{A5881B4F-C16B-4108-A914-892078E61FA1}.Debug|Any CPU.Build.0 = Debug|Any CPU
		{A5881B4F-C16B-4108-A914-892078E61FA1}.Release|Any CPU.ActiveCfg = Release|Any CPU
		{A5881B4F-C16B-4108-A914-892078E61FA1}.Release|Any CPU.Build.0 = Release|Any CPU
		{DA7A5FC4-5A51-446D-A78C-B185BF4BB90A}.Debug|Any CPU.ActiveCfg = Debug|Any CPU
		{DA7A5FC4-5A51-446D-A78C-B185BF4BB90A}.Debug|Any CPU.Build.0 = Debug|Any CPU
		{DA7A5FC4-5A51-446D-A78C-B185BF4BB90A}.Release|Any CPU.ActiveCfg = Release|Any CPU
		{DA7A5FC4-5A51-446D-A78C-B185BF4BB90A}.Release|Any CPU.Build.0 = Release|Any CPU
		{3FFC82CE-09C2-4FE6-BE2D-29679CA30D66}.Debug|Any CPU.ActiveCfg = Debug|Any CPU
		{3FFC82CE-09C2-4FE6-BE2D-29679CA30D66}.Debug|Any CPU.Build.0 = Debug|Any CPU
		{3FFC82CE-09C2-4FE6-BE2D-29679CA30D66}.Release|Any CPU.ActiveCfg = Release|Any CPU
		{3FFC82CE-09C2-4FE6-BE2D-29679CA30D66}.Release|Any CPU.Build.0 = Release|Any CPU
		{52ED17CC-B4D7-4ADC-8BF0-E1E98DA28DC5}.Debug|Any CPU.ActiveCfg = Debug|Any CPU
		{52ED17CC-B4D7-4ADC-8BF0-E1E98DA28DC5}.Debug|Any CPU.Build.0 = Debug|Any CPU
		{52ED17CC-B4D7-4ADC-8BF0-E1E98DA28DC5}.Release|Any CPU.ActiveCfg = Release|Any CPU
		{52ED17CC-B4D7-4ADC-8BF0-E1E98DA28DC5}.Release|Any CPU.Build.0 = Release|Any CPU
		{E561BD3E-FB39-4258-87D7-AE1CDA870141}.Debug|Any CPU.ActiveCfg = Debug|Any CPU
		{E561BD3E-FB39-4258-87D7-AE1CDA870141}.Debug|Any CPU.Build.0 = Debug|Any CPU
		{E561BD3E-FB39-4258-87D7-AE1CDA870141}.Release|Any CPU.ActiveCfg = Release|Any CPU
		{E561BD3E-FB39-4258-87D7-AE1CDA870141}.Release|Any CPU.Build.0 = Release|Any CPU
		{9058EB19-D255-42C1-BE08-0B8BB0854EA5}.Debug|Any CPU.ActiveCfg = Debug|Any CPU
		{9058EB19-D255-42C1-BE08-0B8BB0854EA5}.Debug|Any CPU.Build.0 = Debug|Any CPU
		{9058EB19-D255-42C1-BE08-0B8BB0854EA5}.Release|Any CPU.ActiveCfg = Release|Any CPU
		{9058EB19-D255-42C1-BE08-0B8BB0854EA5}.Release|Any CPU.Build.0 = Release|Any CPU
		{5B93272B-B83D-4E05-A737-7E04A49D5AF1}.Debug|Any CPU.ActiveCfg = Debug|Any CPU
		{5B93272B-B83D-4E05-A737-7E04A49D5AF1}.Debug|Any CPU.Build.0 = Debug|Any CPU
		{5B93272B-B83D-4E05-A737-7E04A49D5AF1}.Release|Any CPU.ActiveCfg = Release|Any CPU
		{5B93272B-B83D-4E05-A737-7E04A49D5AF1}.Release|Any CPU.Build.0 = Release|Any CPU
		{EF6EFB21-9AF6-4895-83FA-530C05C2E801}.Debug|Any CPU.ActiveCfg = Debug|Any CPU
		{EF6EFB21-9AF6-4895-83FA-530C05C2E801}.Debug|Any CPU.Build.0 = Debug|Any CPU
		{EF6EFB21-9AF6-4895-83FA-530C05C2E801}.Release|Any CPU.ActiveCfg = Release|Any CPU
		{EF6EFB21-9AF6-4895-83FA-530C05C2E801}.Release|Any CPU.Build.0 = Release|Any CPU
		{A65887B2-2614-466F-B60B-E2B73A523F29}.Debug|Any CPU.ActiveCfg = Debug|Any CPU
		{A65887B2-2614-466F-B60B-E2B73A523F29}.Debug|Any CPU.Build.0 = Debug|Any CPU
		{A65887B2-2614-466F-B60B-E2B73A523F29}.Release|Any CPU.ActiveCfg = Release|Any CPU
		{A65887B2-2614-466F-B60B-E2B73A523F29}.Release|Any CPU.Build.0 = Release|Any CPU
		{1D14DAD3-57A7-4C96-ACB6-33B38E4FC6EF}.Debug|Any CPU.ActiveCfg = Debug|Any CPU
		{1D14DAD3-57A7-4C96-ACB6-33B38E4FC6EF}.Debug|Any CPU.Build.0 = Debug|Any CPU
		{1D14DAD3-57A7-4C96-ACB6-33B38E4FC6EF}.Release|Any CPU.ActiveCfg = Release|Any CPU
		{1D14DAD3-57A7-4C96-ACB6-33B38E4FC6EF}.Release|Any CPU.Build.0 = Release|Any CPU
		{775D77BA-6A7A-4A7D-8100-AF863F4AEE07}.Debug|Any CPU.ActiveCfg = Debug|Any CPU
		{775D77BA-6A7A-4A7D-8100-AF863F4AEE07}.Debug|Any CPU.Build.0 = Debug|Any CPU
		{775D77BA-6A7A-4A7D-8100-AF863F4AEE07}.Release|Any CPU.ActiveCfg = Release|Any CPU
		{775D77BA-6A7A-4A7D-8100-AF863F4AEE07}.Release|Any CPU.Build.0 = Release|Any CPU
		{67BE758E-03E7-4A0C-9AD4-296219C4843D}.Debug|Any CPU.ActiveCfg = Debug|Any CPU
		{67BE758E-03E7-4A0C-9AD4-296219C4843D}.Debug|Any CPU.Build.0 = Debug|Any CPU
		{67BE758E-03E7-4A0C-9AD4-296219C4843D}.Release|Any CPU.ActiveCfg = Release|Any CPU
		{67BE758E-03E7-4A0C-9AD4-296219C4843D}.Release|Any CPU.Build.0 = Release|Any CPU
		{17B1935E-FAB2-40C6-95C1-05E365F942B9}.Debug|Any CPU.ActiveCfg = Debug|Any CPU
		{17B1935E-FAB2-40C6-95C1-05E365F942B9}.Debug|Any CPU.Build.0 = Debug|Any CPU
		{17B1935E-FAB2-40C6-95C1-05E365F942B9}.Release|Any CPU.ActiveCfg = Release|Any CPU
		{17B1935E-FAB2-40C6-95C1-05E365F942B9}.Release|Any CPU.Build.0 = Release|Any CPU
	EndGlobalSection
	GlobalSection(SolutionProperties) = preSolution
		HideSolutionNode = FALSE
	EndGlobalSection
	GlobalSection(NestedProjects) = preSolution
		{D7A5A984-DC70-4F59-84DF-2AF213BCFF9F} = {0FB55AF5-0E8D-47DD-A1FA-C08242356A05}
		{78F6278A-380A-447A-BA8C-C884BFCC4D8A} = {0FB55AF5-0E8D-47DD-A1FA-C08242356A05}
		{76BC9E2E-4338-4C13-A356-565C5BB476DF} = {0FB55AF5-0E8D-47DD-A1FA-C08242356A05}
		{8473EB72-CC55-4BB7-B53F-B41CD782524C} = {0FB55AF5-0E8D-47DD-A1FA-C08242356A05}
		{1B70A892-7542-474E-A645-AA35CB7D5E2E} = {0FB55AF5-0E8D-47DD-A1FA-C08242356A05}
		{A3E61B5F-9920-4233-831B-211CE20EB79C} = {2A62AAEA-02CB-42E4-A190-3D3206E47047}
		{A5881B4F-C16B-4108-A914-892078E61FA1} = {2A62AAEA-02CB-42E4-A190-3D3206E47047}
		{DA7A5FC4-5A51-446D-A78C-B185BF4BB90A} = {2A62AAEA-02CB-42E4-A190-3D3206E47047}
		{3FFC82CE-09C2-4FE6-BE2D-29679CA30D66} = {2A62AAEA-02CB-42E4-A190-3D3206E47047}
		{52ED17CC-B4D7-4ADC-8BF0-E1E98DA28DC5} = {2A62AAEA-02CB-42E4-A190-3D3206E47047}
		{E561BD3E-FB39-4258-87D7-AE1CDA870141} = {218A44C2-F27E-4064-8C57-6525DAE78848}
		{9058EB19-D255-42C1-BE08-0B8BB0854EA5} = {218A44C2-F27E-4064-8C57-6525DAE78848}
		{5B93272B-B83D-4E05-A737-7E04A49D5AF1} = {218A44C2-F27E-4064-8C57-6525DAE78848}
		{EF6EFB21-9AF6-4895-83FA-530C05C2E801} = {218A44C2-F27E-4064-8C57-6525DAE78848}
		{A65887B2-2614-466F-B60B-E2B73A523F29} = {2A061C23-4B74-4CA6-9382-22B958BF33FD}
		{1D14DAD3-57A7-4C96-ACB6-33B38E4FC6EF} = {2A061C23-4B74-4CA6-9382-22B958BF33FD}
		{775D77BA-6A7A-4A7D-8100-AF863F4AEE07} = {2A061C23-4B74-4CA6-9382-22B958BF33FD}
		{67BE758E-03E7-4A0C-9AD4-296219C4843D} = {2A061C23-4B74-4CA6-9382-22B958BF33FD}
		{17B1935E-FAB2-40C6-95C1-05E365F942B9} = {86BED0D3-E45B-4886-B044-5354EAAB9FCC}
	EndGlobalSection
	GlobalSection(ExtensibilityGlobals) = postSolution
		SolutionGuid = {DFA30F17-31CE-4D52-9067-073DF5D6B621}
	EndGlobalSection
EndGlobal
